
Microsoft Visual Studio Solution File, Format Version 12.00
# Visual Studio Version 17
VisualStudioVersion = 17.1.32210.238
MinimumVisualStudioVersion = 10.0.40219.1
Project("{FAE04EC0-301F-11D3-BF4B-00C04F79EFBC}") = "Chapter14_14", "Chapter14_14\Chapter14_14.csproj", "{A5B9EADA-4648-4224-8417-D51892738ED9}"
EndProject
Project("{FAE04EC0-301F-11D3-BF4B-00C04F79EFBC}") = "Chapter14_14.Tests", "Chapter14_14.Tests\Chapter14_14.Tests.csproj", "{BF413C62-A2D0-4DB1-AA0B-0A784D311996}"
EndProject
Global
	GlobalSection(SolutionConfigurationPlatforms) = preSolution
		Debug|Any CPU = Debug|Any CPU
		Release|Any CPU = Release|Any CPU
	EndGlobalSection
	GlobalSection(ProjectConfigurationPlatforms) = postSolution
		{A5B9EADA-4648-4224-8417-D51892738ED9}.Debug|Any CPU.ActiveCfg = Debug|Any CPU
		{A5B9EADA-4648-4224-8417-D51892738ED9}.Debug|Any CPU.Build.0 = Debug|Any CPU
		{A5B9EADA-4648-4224-8417-D51892738ED9}.Release|Any CPU.ActiveCfg = Release|Any CPU
		{A5B9EADA-4648-4224-8417-D51892738ED9}.Release|Any CPU.Build.0 = Release|Any CPU
		{BF413C62-A2D0-4DB1-AA0B-0A784D311996}.Debug|Any CPU.ActiveCfg = Debug|Any CPU
		{BF413C62-A2D0-4DB1-AA0B-0A784D311996}.Debug|Any CPU.Build.0 = Debug|Any CPU
		{BF413C62-A2D0-4DB1-AA0B-0A784D311996}.Release|Any CPU.ActiveCfg = Release|Any CPU
		{BF413C62-A2D0-4DB1-AA0B-0A784D311996}.Release|Any CPU.Build.0 = Release|Any CPU
	EndGlobalSection
	GlobalSection(SolutionProperties) = preSolution
		HideSolutionNode = FALSE
	EndGlobalSection
	GlobalSection(ExtensibilityGlobals) = postSolution
		SolutionGuid = {984D6669-155E-4DDD-9B4E-E9684C8B7854}
	EndGlobalSection
EndGlobal
