
Microsoft Visual Studio Solution File, Format Version 12.00
# Visual Studio Version 17
VisualStudioVersion = 17.1.32210.238
MinimumVisualStudioVersion = 10.0.40219.1
Project("{FAE04EC0-301F-11D3-BF4B-00C04F79EFBC}") = "Chapter14_08", "Chapter14_08\Chapter14_08.csproj", "{99A27E97-D461-4949-B399-60E4C4FAF770}"
EndProject
Project("{FAE04EC0-301F-11D3-BF4B-00C04F79EFBC}") = "Chapter14_08.Tests", "Chapter14_08.Tests\Chapter14_08.Tests.csproj", "{9EFBA2AF-83D3-401C-9A2F-EF56299A6E0B}"
EndProject
Global
	GlobalSection(SolutionConfigurationPlatforms) = preSolution
		Debug|Any CPU = Debug|Any CPU
		Release|Any CPU = Release|Any CPU
	EndGlobalSection
	GlobalSection(ProjectConfigurationPlatforms) = postSolution
		{99A27E97-D461-4949-B399-60E4C4FAF770}.Debug|Any CPU.ActiveCfg = Debug|Any CPU
		{99A27E97-D461-4949-B399-60E4C4FAF770}.Debug|Any CPU.Build.0 = Debug|Any CPU
		{99A27E97-D461-4949-B399-60E4C4FAF770}.Release|Any CPU.ActiveCfg = Release|Any CPU
		{99A27E97-D461-4949-B399-60E4C4FAF770}.Release|Any CPU.Build.0 = Release|Any CPU
		{9EFBA2AF-83D3-401C-9A2F-EF56299A6E0B}.Debug|Any CPU.ActiveCfg = Debug|Any CPU
		{9EFBA2AF-83D3-401C-9A2F-EF56299A6E0B}.Debug|Any CPU.Build.0 = Debug|Any CPU
		{9EFBA2AF-83D3-401C-9A2F-EF56299A6E0B}.Release|Any CPU.ActiveCfg = Release|Any CPU
		{9EFBA2AF-83D3-401C-9A2F-EF56299A6E0B}.Release|Any CPU.Build.0 = Release|Any CPU
	EndGlobalSection
	GlobalSection(SolutionProperties) = preSolution
		HideSolutionNode = FALSE
	EndGlobalSection
	GlobalSection(ExtensibilityGlobals) = postSolution
		SolutionGuid = {7F3AD425-FDAF-4CA2-84C1-6079F0192BA7}
	EndGlobalSection
EndGlobal
