
Microsoft Visual Studio Solution File, Format Version 12.00
# Visual Studio Version 17
VisualStudioVersion = 17.1.32210.238
MinimumVisualStudioVersion = 10.0.40219.1
Project("{FAE04EC0-301F-11D3-BF4B-00C04F79EFBC}") = "Chapter14_11", "Chapter14_11\Chapter14_11.csproj", "{19DDFD10-186F-4DC3-B74B-49CC5EE34648}"
EndProject
Project("{FAE04EC0-301F-11D3-BF4B-00C04F79EFBC}") = "Chapter14_11.Tests", "Chapter14_11.Tests\Chapter14_11.Tests.csproj", "{12F7D8F5-8674-4238-844D-AE8664D650AC}"
EndProject
Global
	GlobalSection(SolutionConfigurationPlatforms) = preSolution
		Debug|Any CPU = Debug|Any CPU
		Release|Any CPU = Release|Any CPU
	EndGlobalSection
	GlobalSection(ProjectConfigurationPlatforms) = postSolution
		{19DDFD10-186F-4DC3-B74B-49CC5EE34648}.Debug|Any CPU.ActiveCfg = Debug|Any CPU
		{19DDFD10-186F-4DC3-B74B-49CC5EE34648}.Debug|Any CPU.Build.0 = Debug|Any CPU
		{19DDFD10-186F-4DC3-B74B-49CC5EE34648}.Release|Any CPU.ActiveCfg = Release|Any CPU
		{19DDFD10-186F-4DC3-B74B-49CC5EE34648}.Release|Any CPU.Build.0 = Release|Any CPU
		{12F7D8F5-8674-4238-844D-AE8664D650AC}.Debug|Any CPU.ActiveCfg = Debug|Any CPU
		{12F7D8F5-8674-4238-844D-AE8664D650AC}.Debug|Any CPU.Build.0 = Debug|Any CPU
		{12F7D8F5-8674-4238-844D-AE8664D650AC}.Release|Any CPU.ActiveCfg = Release|Any CPU
		{12F7D8F5-8674-4238-844D-AE8664D650AC}.Release|Any CPU.Build.0 = Release|Any CPU
	EndGlobalSection
	GlobalSection(SolutionProperties) = preSolution
		HideSolutionNode = FALSE
	EndGlobalSection
	GlobalSection(ExtensibilityGlobals) = postSolution
		SolutionGuid = {B017868B-FF9C-443D-A7B7-671B98A2E2A8}
	EndGlobalSection
EndGlobal
